
Microsoft Visual Studio Solution File, Format Version 12.00
# Visual Studio Version 16
VisualStudioVersion = 16.0.32126.315
MinimumVisualStudioVersion = 10.0.40219.1
Project("{FAE04EC0-301F-11D3-BF4B-00C04F79EFBC}") = "ConsoleApp1", "ConsoleApp1\ConsoleApp1.csproj", "{AAE78C29-791E-47B7-BEEA-CED187CB495F}"
EndProject
Global
	GlobalSection(SolutionConfigurationPlatforms) = preSolution
		Debug|Any CPU = Debug|Any CPU
		Release|Any CPU = Release|Any CPU
	EndGlobalSection
	GlobalSection(ProjectConfigurationPlatforms) = postSolution
		{AAE78C29-791E-47B7-BEEA-CED187CB495F}.Debug|Any CPU.ActiveCfg = Debug|Any CPU
		{AAE78C29-791E-47B7-BEEA-CED187CB495F}.Debug|Any CPU.Build.0 = Debug|Any CPU
		{AAE78C29-791E-47B7-BEEA-CED187CB495F}.Release|Any CPU.ActiveCfg = Release|Any CPU
		{AAE78C29-791E-47B7-BEEA-CED187CB495F}.Release|Any CPU.Build.0 = Release|Any CPU
	EndGlobalSection
	GlobalSection(SolutionProperties) = preSolution
		HideSolutionNode = FALSE
	EndGlobalSection
	GlobalSection(ExtensibilityGlobals) = postSolution
		SolutionGuid = {54E52B83-58F7-46D3-B25A-55787628252C}
	EndGlobalSection
EndGlobal
